# This file is automatically @generated by Cargo.
# It is not intended for manual editing.
version = 3

[[package]]
name = "autocfg"
version = "1.1.0"
source = "registry+https://github.com/rust-lang/crates.io-index"
checksum = "d468802bab17cbc0cc575e9b053f41e72aa36bfa6b7f55e3529ffa43161b97fa"

[[package]]
name = "bigdecimal"
version = "0.3.0"
source = "registry+https://github.com/rust-lang/crates.io-index"
checksum = "6aaf33151a6429fe9211d1b276eafdf70cdff28b071e76c0b0e1503221ea3744"
dependencies = [
 "num-bigint",
 "num-integer",
 "num-traits",
]

[[package]]
name = "bitvec"
version = "1.0.0"
source = "registry+https://github.com/rust-lang/crates.io-index"
checksum = "1489fcb93a5bb47da0462ca93ad252ad6af2145cce58d10d46a83931ba9f016b"
dependencies = [
 "funty",
 "radium",
 "tap",
 "wyz",
]

[[package]]
name = "funty"
version = "2.0.0"
source = "registry+https://github.com/rust-lang/crates.io-index"
checksum = "e6d5a32815ae3f33302d95fdcb2ce17862f8c65363dcfd29360480ba1001fc9c"

[[package]]
name = "num-bigint"
version = "0.4.3"
source = "registry+https://github.com/rust-lang/crates.io-index"
checksum = "f93ab6289c7b344a8a9f60f88d80aa20032336fe78da341afc91c8a2341fc75f"
dependencies = [
 "autocfg",
 "num-integer",
 "num-traits",
]

[[package]]
name = "num-integer"
version = "0.1.44"
source = "registry+https://github.com/rust-lang/crates.io-index"
checksum = "d2cc698a63b549a70bc047073d2949cce27cd1c7b0a4a862d08a8031bc2801db"
dependencies = [
 "autocfg",
 "num-traits",
]

[[package]]
name = "num-traits"
version = "0.2.14"
source = "registry+https://github.com/rust-lang/crates.io-index"
checksum = "9a64b1ec5cda2586e284722486d802acf1f7dbdc623e2bfc57e65ca1cd099290"
dependencies = [
 "autocfg",
]

[[package]]
name = "radium"
version = "0.7.0"
source = "registry+https://github.com/rust-lang/crates.io-index"
checksum = "dc33ff2d4973d518d823d61aa239014831e521c75da58e3df4840d3f47749d09"

[[package]]
name = "smt_multiplex"
version = "0.1.0"
dependencies = [
 "bigdecimal",
 "bitvec",
 "num-bigint",
 "utf8-read",
]

[[package]]
name = "tap"
version = "1.0.1"
source = "registry+https://github.com/rust-lang/crates.io-index"
checksum = "55937e1799185b12863d447f42597ed69d9928686b8d88a1df17376a097d8369"

[[package]]
name = "utf8-read"
version = "0.4.0"
source = "registry+https://github.com/rust-lang/crates.io-index"
checksum = "fb566ac06e11c3f13872ebcb0e72ea5f97f0f65a16f45048d0adea21edc28018"

[[package]]
name = "wyz"
version = "0.5.0"
source = "registry+https://github.com/rust-lang/crates.io-index"
checksum = "30b31594f29d27036c383b53b59ed3476874d518f0efb151b27a4c275141390e"
dependencies = [
 "tap",
]
